
Microsoft Visual Studio Solution File, Format Version 12.00
# Visual Studio Version 16
VisualStudioVersion = 16.0.30804.86
MinimumVisualStudioVersion = 10.0.40219.1
Project("{FAE04EC0-301F-11D3-BF4B-00C04F79EFBC}") = "UsaSeriale", "UsaSeriale\UsaSeriale.csproj", "{CDE9A9F5-E66E-4A03-BC6A-451650C6EAFB}"
EndProject
Global
	GlobalSection(SolutionConfigurationPlatforms) = preSolution
		Debug|Any CPU = Debug|Any CPU
		Release|Any CPU = Release|Any CPU
	EndGlobalSection
	GlobalSection(ProjectConfigurationPlatforms) = postSolution
		{CDE9A9F5-E66E-4A03-BC6A-451650C6EAFB}.Debug|Any CPU.ActiveCfg = Debug|Any CPU
		{CDE9A9F5-E66E-4A03-BC6A-451650C6EAFB}.Debug|Any CPU.Build.0 = Debug|Any CPU
		{CDE9A9F5-E66E-4A03-BC6A-451650C6EAFB}.Release|Any CPU.ActiveCfg = Release|Any CPU
		{CDE9A9F5-E66E-4A03-BC6A-451650C6EAFB}.Release|Any CPU.Build.0 = Release|Any CPU
	EndGlobalSection
	GlobalSection(SolutionProperties) = preSolution
		HideSolutionNode = FALSE
	EndGlobalSection
	GlobalSection(ExtensibilityGlobals) = postSolution
		SolutionGuid = {319F6BC9-37DA-4C75-AF28-9D08D5FB289E}
	EndGlobalSection
EndGlobal
